
Microsoft Visual Studio Solution File, Format Version 12.00
# Visual Studio Version 17
VisualStudioVersion = 17.10.35013.160
MinimumVisualStudioVersion = 10.0.40219.1
Project("{FAE04EC0-301F-11D3-BF4B-00C04F79EFBC}") = "MeetingPassManagementSystem", "MeetingPassManagementSystem\MeetingPassManagementSystem.csproj", "{886A3523-28B0-47E7-90FF-993284F8100D}"
EndProject
Global
	GlobalSection(SolutionConfigurationPlatforms) = preSolution
		Debug|Any CPU = Debug|Any CPU
		Release|Any CPU = Release|Any CPU
	EndGlobalSection
	GlobalSection(ProjectConfigurationPlatforms) = postSolution
		{886A3523-28B0-47E7-90FF-993284F8100D}.Debug|Any CPU.ActiveCfg = Debug|Any CPU
		{886A3523-28B0-47E7-90FF-993284F8100D}.Debug|Any CPU.Build.0 = Debug|Any CPU
		{886A3523-28B0-47E7-90FF-993284F8100D}.Release|Any CPU.ActiveCfg = Release|Any CPU
		{886A3523-28B0-47E7-90FF-993284F8100D}.Release|Any CPU.Build.0 = Release|Any CPU
	EndGlobalSection
	GlobalSection(SolutionProperties) = preSolution
		HideSolutionNode = FALSE
	EndGlobalSection
	GlobalSection(ExtensibilityGlobals) = postSolution
		SolutionGuid = {C46ECF87-CAA9-4C47-8294-CE9889634536}
	EndGlobalSection
EndGlobal
